
Microsoft Visual Studio Solution File, Format Version 12.00
# Visual Studio Version 17
VisualStudioVersion = 17.0.31903.59
MinimumVisualStudioVersion = 10.0.40219.1
Project("{2150E333-8FDC-42A3-9474-1A3956D46DE8}") = "Compiler", "Compiler", "{A2748E0A-6859-4408-A538-D8BD7867F216}"
EndProject
Project("{FAE04EC0-301F-11D3-BF4B-00C04F79EFBC}") = "ZeroGames.Forge.Compiler", "Compiler\ZeroGames.Forge.Compiler\ZeroGames.Forge.Compiler.csproj", "{64F20B04-B922-41F0-8B0A-80E9C76EC44D}"
EndProject
Project("{FAE04EC0-301F-11D3-BF4B-00C04F79EFBC}") = "ZeroGames.Forge.Compiler.Backend", "Compiler\ZeroGames.Forge.Compiler.Backend\ZeroGames.Forge.Compiler.Backend.csproj", "{47C8F52F-3EED-4D6A-B7D6-64793D6C504C}"
EndProject
Project("{FAE04EC0-301F-11D3-BF4B-00C04F79EFBC}") = "ZeroGames.Forge.Compiler.Frontend", "Compiler\ZeroGames.Forge.Compiler.Frontend\ZeroGames.Forge.Compiler.Frontend.csproj", "{4AA540CC-4A3B-43E9-8AF7-3B0FD1D25F1F}"
EndProject
Project("{FAE04EC0-301F-11D3-BF4B-00C04F79EFBC}") = "ZeroGames.Forge.Compiler.Backend.CSharp", "Compiler\ZeroGames.Forge.Compiler.Backend.CSharp\ZeroGames.Forge.Compiler.Backend.CSharp.csproj", "{7F94F70B-BCB7-44A8-853D-03FE51AFDBBE}"
EndProject
Project("{FAE04EC0-301F-11D3-BF4B-00C04F79EFBC}") = "ZeroGames.Forge.Compiler.Frontend.Xml", "Compiler\ZeroGames.Forge.Compiler.Frontend.Xml\ZeroGames.Forge.Compiler.Frontend.Xml.csproj", "{3E26159D-B5CF-4F80-9074-EC5E15BA1AC5}"
EndProject
Project("{FAE04EC0-301F-11D3-BF4B-00C04F79EFBC}") = "ZeroGames.Forge.Compiler.Server", "Compiler\ZeroGames.Forge.Compiler.Server\ZeroGames.Forge.Compiler.Server.csproj", "{29A71870-3061-44E7-84C4-AD78EB56A8B1}"
EndProject
Project("{FAE04EC0-301F-11D3-BF4B-00C04F79EFBC}") = "ZeroGames.Forge.Compiler.Client", "Compiler\ZeroGames.Forge.Compiler.Client\ZeroGames.Forge.Compiler.Client.csproj", "{070CD4C4-8662-401A-9320-4DEDF45C7C18}"
EndProject
Project("{2150E333-8FDC-42A3-9474-1A3956D46DE8}") = "Runtime", "Runtime", "{D709F9A0-61CC-4206-BFCF-7C721E78E3DB}"
EndProject
Project("{FAE04EC0-301F-11D3-BF4B-00C04F79EFBC}") = "ZeroGames.Forge.Runtime", "Runtime\ZeroGames.Forge.Runtime\ZeroGames.Forge.Runtime.csproj", "{32356FF2-6A12-485E-BE81-67AAF8902257}"
EndProject
Project("{FAE04EC0-301F-11D3-BF4B-00C04F79EFBC}") = "ZeroGames.Forge.Test", "Test\ZeroGames.Forge.Test\ZeroGames.Forge.Test.csproj", "{EE39D126-B29B-429C-8909-DD6BF07E237E}"
EndProject
Project("{2150E333-8FDC-42A3-9474-1A3956D46DE8}") = "Test", "Test", "{FA153D3A-F216-4C6A-A8A1-CC0472BCDF70}"
EndProject
Global
	GlobalSection(SolutionConfigurationPlatforms) = preSolution
		Debug|Any CPU = Debug|Any CPU
		Release|Any CPU = Release|Any CPU
	EndGlobalSection
	GlobalSection(SolutionProperties) = preSolution
		HideSolutionNode = FALSE
	EndGlobalSection
	GlobalSection(NestedProjects) = preSolution
		{64F20B04-B922-41F0-8B0A-80E9C76EC44D} = {A2748E0A-6859-4408-A538-D8BD7867F216}
		{7F94F70B-BCB7-44A8-853D-03FE51AFDBBE} = {A2748E0A-6859-4408-A538-D8BD7867F216}
		{4AA540CC-4A3B-43E9-8AF7-3B0FD1D25F1F} = {A2748E0A-6859-4408-A538-D8BD7867F216}
		{3E26159D-B5CF-4F80-9074-EC5E15BA1AC5} = {A2748E0A-6859-4408-A538-D8BD7867F216}
		{29A71870-3061-44E7-84C4-AD78EB56A8B1} = {A2748E0A-6859-4408-A538-D8BD7867F216}
		{070CD4C4-8662-401A-9320-4DEDF45C7C18} = {A2748E0A-6859-4408-A538-D8BD7867F216}
		{32356FF2-6A12-485E-BE81-67AAF8902257} = {D709F9A0-61CC-4206-BFCF-7C721E78E3DB}
		{EE39D126-B29B-429C-8909-DD6BF07E237E} = {FA153D3A-F216-4C6A-A8A1-CC0472BCDF70}
		{47C8F52F-3EED-4D6A-B7D6-64793D6C504C} = {A2748E0A-6859-4408-A538-D8BD7867F216}
	EndGlobalSection
	GlobalSection(ProjectConfigurationPlatforms) = postSolution
		{64F20B04-B922-41F0-8B0A-80E9C76EC44D}.Debug|Any CPU.ActiveCfg = Debug|Any CPU
		{64F20B04-B922-41F0-8B0A-80E9C76EC44D}.Debug|Any CPU.Build.0 = Debug|Any CPU
		{64F20B04-B922-41F0-8B0A-80E9C76EC44D}.Release|Any CPU.ActiveCfg = Release|Any CPU
		{64F20B04-B922-41F0-8B0A-80E9C76EC44D}.Release|Any CPU.Build.0 = Release|Any CPU
		{7F94F70B-BCB7-44A8-853D-03FE51AFDBBE}.Debug|Any CPU.ActiveCfg = Debug|Any CPU
		{7F94F70B-BCB7-44A8-853D-03FE51AFDBBE}.Debug|Any CPU.Build.0 = Debug|Any CPU
		{7F94F70B-BCB7-44A8-853D-03FE51AFDBBE}.Release|Any CPU.ActiveCfg = Release|Any CPU
		{7F94F70B-BCB7-44A8-853D-03FE51AFDBBE}.Release|Any CPU.Build.0 = Release|Any CPU
		{4AA540CC-4A3B-43E9-8AF7-3B0FD1D25F1F}.Debug|Any CPU.ActiveCfg = Debug|Any CPU
		{4AA540CC-4A3B-43E9-8AF7-3B0FD1D25F1F}.Debug|Any CPU.Build.0 = Debug|Any CPU
		{4AA540CC-4A3B-43E9-8AF7-3B0FD1D25F1F}.Release|Any CPU.ActiveCfg = Release|Any CPU
		{4AA540CC-4A3B-43E9-8AF7-3B0FD1D25F1F}.Release|Any CPU.Build.0 = Release|Any CPU
		{3E26159D-B5CF-4F80-9074-EC5E15BA1AC5}.Debug|Any CPU.ActiveCfg = Debug|Any CPU
		{3E26159D-B5CF-4F80-9074-EC5E15BA1AC5}.Debug|Any CPU.Build.0 = Debug|Any CPU
		{3E26159D-B5CF-4F80-9074-EC5E15BA1AC5}.Release|Any CPU.ActiveCfg = Release|Any CPU
		{3E26159D-B5CF-4F80-9074-EC5E15BA1AC5}.Release|Any CPU.Build.0 = Release|Any CPU
		{29A71870-3061-44E7-84C4-AD78EB56A8B1}.Debug|Any CPU.ActiveCfg = Debug|Any CPU
		{29A71870-3061-44E7-84C4-AD78EB56A8B1}.Debug|Any CPU.Build.0 = Debug|Any CPU
		{29A71870-3061-44E7-84C4-AD78EB56A8B1}.Release|Any CPU.ActiveCfg = Release|Any CPU
		{29A71870-3061-44E7-84C4-AD78EB56A8B1}.Release|Any CPU.Build.0 = Release|Any CPU
		{070CD4C4-8662-401A-9320-4DEDF45C7C18}.Debug|Any CPU.ActiveCfg = Debug|Any CPU
		{070CD4C4-8662-401A-9320-4DEDF45C7C18}.Debug|Any CPU.Build.0 = Debug|Any CPU
		{070CD4C4-8662-401A-9320-4DEDF45C7C18}.Release|Any CPU.ActiveCfg = Release|Any CPU
		{070CD4C4-8662-401A-9320-4DEDF45C7C18}.Release|Any CPU.Build.0 = Release|Any CPU
		{32356FF2-6A12-485E-BE81-67AAF8902257}.Debug|Any CPU.ActiveCfg = Debug|Any CPU
		{32356FF2-6A12-485E-BE81-67AAF8902257}.Debug|Any CPU.Build.0 = Debug|Any CPU
		{32356FF2-6A12-485E-BE81-67AAF8902257}.Release|Any CPU.ActiveCfg = Release|Any CPU
		{32356FF2-6A12-485E-BE81-67AAF8902257}.Release|Any CPU.Build.0 = Release|Any CPU
		{EE39D126-B29B-429C-8909-DD6BF07E237E}.Debug|Any CPU.ActiveCfg = Debug|Any CPU
		{EE39D126-B29B-429C-8909-DD6BF07E237E}.Debug|Any CPU.Build.0 = Debug|Any CPU
		{EE39D126-B29B-429C-8909-DD6BF07E237E}.Release|Any CPU.ActiveCfg = Release|Any CPU
		{EE39D126-B29B-429C-8909-DD6BF07E237E}.Release|Any CPU.Build.0 = Release|Any CPU
		{47C8F52F-3EED-4D6A-B7D6-64793D6C504C}.Debug|Any CPU.ActiveCfg = Debug|Any CPU
		{47C8F52F-3EED-4D6A-B7D6-64793D6C504C}.Debug|Any CPU.Build.0 = Debug|Any CPU
		{47C8F52F-3EED-4D6A-B7D6-64793D6C504C}.Release|Any CPU.ActiveCfg = Release|Any CPU
		{47C8F52F-3EED-4D6A-B7D6-64793D6C504C}.Release|Any CPU.Build.0 = Release|Any CPU
	EndGlobalSection
EndGlobal
